
Microsoft Visual Studio Solution File, Format Version 12.00
# Visual Studio 15
VisualStudioVersion = 15.0.28010.2026
MinimumVisualStudioVersion = 10.0.40219.1
Project("{FAE04EC0-301F-11D3-BF4B-00C04F79EFBC}") = "GameOfLife2", "GameOfLife2\GameOfLife2.csproj", "{9C5E1A27-BA58-4688-97B9-57EB5F917585}"
EndProject
Global
	GlobalSection(SolutionConfigurationPlatforms) = preSolution
		Debug|Any CPU = Debug|Any CPU
		Release|Any CPU = Release|Any CPU
	EndGlobalSection
	GlobalSection(ProjectConfigurationPlatforms) = postSolution
		{9C5E1A27-BA58-4688-97B9-57EB5F917585}.Debug|Any CPU.ActiveCfg = Debug|Any CPU
		{9C5E1A27-BA58-4688-97B9-57EB5F917585}.Debug|Any CPU.Build.0 = Debug|Any CPU
		{9C5E1A27-BA58-4688-97B9-57EB5F917585}.Release|Any CPU.ActiveCfg = Release|Any CPU
		{9C5E1A27-BA58-4688-97B9-57EB5F917585}.Release|Any CPU.Build.0 = Release|Any CPU
	EndGlobalSection
	GlobalSection(SolutionProperties) = preSolution
		HideSolutionNode = FALSE
	EndGlobalSection
	GlobalSection(ExtensibilityGlobals) = postSolution
		SolutionGuid = {FFE6017A-ADF1-4A76-B249-221482923ED0}
	EndGlobalSection
EndGlobal
